
Microsoft Visual Studio Solution File, Format Version 11.00
# Visual C# Express 2010
Project("{FAE04EC0-301F-11D3-BF4B-00C04F79EFBC}") = "Solyutor.EventPublisher", "Solyutor.EventPublisher\Solyutor.EventPublisher.csproj", "{EE246FD5-222B-43F8-BE54-B3FD6A371240}"
EndProject
Project("{FAE04EC0-301F-11D3-BF4B-00C04F79EFBC}") = "Solyutor.EventPublisher.Tests", "Solyutor.EventPublisher.Tests\Solyutor.EventPublisher.Tests.csproj", "{22431BF3-661F-4F65-954A-BFC2DA959AB9}"
EndProject
Global
	GlobalSection(SolutionConfigurationPlatforms) = preSolution
		Debug|Any CPU = Debug|Any CPU
		Release|Any CPU = Release|Any CPU
	EndGlobalSection
	GlobalSection(ProjectConfigurationPlatforms) = postSolution
		{EE246FD5-222B-43F8-BE54-B3FD6A371240}.Debug|Any CPU.ActiveCfg = Debug|Any CPU
		{EE246FD5-222B-43F8-BE54-B3FD6A371240}.Debug|Any CPU.Build.0 = Debug|Any CPU
		{EE246FD5-222B-43F8-BE54-B3FD6A371240}.Release|Any CPU.ActiveCfg = Release|Any CPU
		{EE246FD5-222B-43F8-BE54-B3FD6A371240}.Release|Any CPU.Build.0 = Release|Any CPU
		{22431BF3-661F-4F65-954A-BFC2DA959AB9}.Debug|Any CPU.ActiveCfg = Debug|Any CPU
		{22431BF3-661F-4F65-954A-BFC2DA959AB9}.Debug|Any CPU.Build.0 = Debug|Any CPU
		{22431BF3-661F-4F65-954A-BFC2DA959AB9}.Release|Any CPU.ActiveCfg = Release|Any CPU
		{22431BF3-661F-4F65-954A-BFC2DA959AB9}.Release|Any CPU.Build.0 = Release|Any CPU
	EndGlobalSection
	GlobalSection(SolutionProperties) = preSolution
		HideSolutionNode = FALSE
	EndGlobalSection
EndGlobal
