
Microsoft Visual Studio Solution File, Format Version 11.00
# Visual Studio 2010
Project("{FAE04EC0-301F-11D3-BF4B-00C04F79EFBC}") = "Solyutor.EventPublisher", "Solyutor.EventPublisher\Solyutor.EventPublisher.csproj", "{EE246FD5-222B-43F8-BE54-B3FD6A371240}"
EndProject
Project("{FAE04EC0-301F-11D3-BF4B-00C04F79EFBC}") = "Solyutor.EventPublisher.Tests", "Solyutor.EventPublisher.Tests\Solyutor.EventPublisher.Tests.csproj", "{22431BF3-661F-4F65-954A-BFC2DA959AB9}"
EndProject
Project("{FAE04EC0-301F-11D3-BF4B-00C04F79EFBC}") = "Solyutor.EventPublisher.Castle", "Solyutor.EventPublisher.Castle\Solyutor.EventPublisher.Castle.csproj", "{F484E1F4-0BFF-4023-BA69-129F19D4F2B8}"
EndProject
Project("{FAE04EC0-301F-11D3-BF4B-00C04F79EFBC}") = "Solyutor.EventPublisher.Castle.Tests", "Solyutor.EventPublisher.Castle.Tests\Solyutor.EventPublisher.Castle.Tests.csproj", "{03173175-9F4A-4E08-99BA-4D137B84C653}"
EndProject
Project("{2150E333-8FDC-42A3-9474-1A3956D46DE8}") = "Solution Items", "Solution Items", "{371BD807-33C0-41E0-A6D0-D312C21EB8E2}"
	ProjectSection(SolutionItems) = preProject
		ReadMe.txt = ReadMe.txt
		SolutionVersion.cs = SolutionVersion.cs
	EndProjectSection
EndProject
Project("{FAE04EC0-301F-11D3-BF4B-00C04F79EFBC}") = "Solyutor.EventPublisher.Sample", "Solyutor.EventPublisher.Sample\Solyutor.EventPublisher.Sample.csproj", "{EC5CC797-D03B-4235-AE6F-47A97C6796CE}"
EndProject
Global
	GlobalSection(SolutionConfigurationPlatforms) = preSolution
		Debug|Any CPU = Debug|Any CPU
		Debug|Mixed Platforms = Debug|Mixed Platforms
		Debug|x86 = Debug|x86
		Release|Any CPU = Release|Any CPU
		Release|Mixed Platforms = Release|Mixed Platforms
		Release|x86 = Release|x86
	EndGlobalSection
	GlobalSection(ProjectConfigurationPlatforms) = postSolution
		{EE246FD5-222B-43F8-BE54-B3FD6A371240}.Debug|Any CPU.ActiveCfg = Debug|Any CPU
		{EE246FD5-222B-43F8-BE54-B3FD6A371240}.Debug|Any CPU.Build.0 = Debug|Any CPU
		{EE246FD5-222B-43F8-BE54-B3FD6A371240}.Debug|Mixed Platforms.ActiveCfg = Debug|Any CPU
		{EE246FD5-222B-43F8-BE54-B3FD6A371240}.Debug|Mixed Platforms.Build.0 = Debug|Any CPU
		{EE246FD5-222B-43F8-BE54-B3FD6A371240}.Debug|x86.ActiveCfg = Debug|Any CPU
		{EE246FD5-222B-43F8-BE54-B3FD6A371240}.Release|Any CPU.ActiveCfg = Release|Any CPU
		{EE246FD5-222B-43F8-BE54-B3FD6A371240}.Release|Any CPU.Build.0 = Release|Any CPU
		{EE246FD5-222B-43F8-BE54-B3FD6A371240}.Release|Mixed Platforms.ActiveCfg = Release|Any CPU
		{EE246FD5-222B-43F8-BE54-B3FD6A371240}.Release|Mixed Platforms.Build.0 = Release|Any CPU
		{EE246FD5-222B-43F8-BE54-B3FD6A371240}.Release|x86.ActiveCfg = Release|Any CPU
		{22431BF3-661F-4F65-954A-BFC2DA959AB9}.Debug|Any CPU.ActiveCfg = Debug|Any CPU
		{22431BF3-661F-4F65-954A-BFC2DA959AB9}.Debug|Any CPU.Build.0 = Debug|Any CPU
		{22431BF3-661F-4F65-954A-BFC2DA959AB9}.Debug|Mixed Platforms.ActiveCfg = Debug|Any CPU
		{22431BF3-661F-4F65-954A-BFC2DA959AB9}.Debug|Mixed Platforms.Build.0 = Debug|Any CPU
		{22431BF3-661F-4F65-954A-BFC2DA959AB9}.Debug|x86.ActiveCfg = Debug|Any CPU
		{22431BF3-661F-4F65-954A-BFC2DA959AB9}.Release|Any CPU.ActiveCfg = Release|Any CPU
		{22431BF3-661F-4F65-954A-BFC2DA959AB9}.Release|Any CPU.Build.0 = Release|Any CPU
		{22431BF3-661F-4F65-954A-BFC2DA959AB9}.Release|Mixed Platforms.ActiveCfg = Release|Any CPU
		{22431BF3-661F-4F65-954A-BFC2DA959AB9}.Release|Mixed Platforms.Build.0 = Release|Any CPU
		{22431BF3-661F-4F65-954A-BFC2DA959AB9}.Release|x86.ActiveCfg = Release|Any CPU
		{F484E1F4-0BFF-4023-BA69-129F19D4F2B8}.Debug|Any CPU.ActiveCfg = Debug|Any CPU
		{F484E1F4-0BFF-4023-BA69-129F19D4F2B8}.Debug|Any CPU.Build.0 = Debug|Any CPU
		{F484E1F4-0BFF-4023-BA69-129F19D4F2B8}.Debug|Mixed Platforms.ActiveCfg = Debug|Any CPU
		{F484E1F4-0BFF-4023-BA69-129F19D4F2B8}.Debug|Mixed Platforms.Build.0 = Debug|Any CPU
		{F484E1F4-0BFF-4023-BA69-129F19D4F2B8}.Debug|x86.ActiveCfg = Debug|Any CPU
		{F484E1F4-0BFF-4023-BA69-129F19D4F2B8}.Release|Any CPU.ActiveCfg = Release|Any CPU
		{F484E1F4-0BFF-4023-BA69-129F19D4F2B8}.Release|Any CPU.Build.0 = Release|Any CPU
		{F484E1F4-0BFF-4023-BA69-129F19D4F2B8}.Release|Mixed Platforms.ActiveCfg = Release|Any CPU
		{F484E1F4-0BFF-4023-BA69-129F19D4F2B8}.Release|Mixed Platforms.Build.0 = Release|Any CPU
		{F484E1F4-0BFF-4023-BA69-129F19D4F2B8}.Release|x86.ActiveCfg = Release|Any CPU
		{03173175-9F4A-4E08-99BA-4D137B84C653}.Debug|Any CPU.ActiveCfg = Debug|Any CPU
		{03173175-9F4A-4E08-99BA-4D137B84C653}.Debug|Any CPU.Build.0 = Debug|Any CPU
		{03173175-9F4A-4E08-99BA-4D137B84C653}.Debug|Mixed Platforms.ActiveCfg = Debug|Any CPU
		{03173175-9F4A-4E08-99BA-4D137B84C653}.Debug|Mixed Platforms.Build.0 = Debug|Any CPU
		{03173175-9F4A-4E08-99BA-4D137B84C653}.Debug|x86.ActiveCfg = Debug|Any CPU
		{03173175-9F4A-4E08-99BA-4D137B84C653}.Release|Any CPU.ActiveCfg = Release|Any CPU
		{03173175-9F4A-4E08-99BA-4D137B84C653}.Release|Any CPU.Build.0 = Release|Any CPU
		{03173175-9F4A-4E08-99BA-4D137B84C653}.Release|Mixed Platforms.ActiveCfg = Release|Any CPU
		{03173175-9F4A-4E08-99BA-4D137B84C653}.Release|Mixed Platforms.Build.0 = Release|Any CPU
		{03173175-9F4A-4E08-99BA-4D137B84C653}.Release|x86.ActiveCfg = Release|Any CPU
		{EC5CC797-D03B-4235-AE6F-47A97C6796CE}.Debug|Any CPU.ActiveCfg = Debug|x86
		{EC5CC797-D03B-4235-AE6F-47A97C6796CE}.Debug|Mixed Platforms.ActiveCfg = Debug|x86
		{EC5CC797-D03B-4235-AE6F-47A97C6796CE}.Debug|Mixed Platforms.Build.0 = Debug|x86
		{EC5CC797-D03B-4235-AE6F-47A97C6796CE}.Debug|x86.ActiveCfg = Debug|x86
		{EC5CC797-D03B-4235-AE6F-47A97C6796CE}.Debug|x86.Build.0 = Debug|x86
		{EC5CC797-D03B-4235-AE6F-47A97C6796CE}.Release|Any CPU.ActiveCfg = Release|x86
		{EC5CC797-D03B-4235-AE6F-47A97C6796CE}.Release|Mixed Platforms.ActiveCfg = Release|x86
		{EC5CC797-D03B-4235-AE6F-47A97C6796CE}.Release|Mixed Platforms.Build.0 = Release|x86
		{EC5CC797-D03B-4235-AE6F-47A97C6796CE}.Release|x86.ActiveCfg = Release|x86
		{EC5CC797-D03B-4235-AE6F-47A97C6796CE}.Release|x86.Build.0 = Release|x86
	EndGlobalSection
	GlobalSection(SolutionProperties) = preSolution
		HideSolutionNode = FALSE
	EndGlobalSection
EndGlobal
